Microsoft Visual Studio Solution File, Format Version 12.00
# Visual Studio Version 16
VisualStudioVersion = 16.0.0.0
MinimumVisualStudioVersion = 16.0.0.0
Project("{9A19103F-16F7-4668-BE54-9A1E7A4F7556}") = "Datalk.Server", "Server\Datalk.Server.csproj", "{C781AD8E-D6EF-41BA-835C-CFA41C87C1EB}"
EndProject
Project("{9A19103F-16F7-4668-BE54-9A1E7A4F7556}") = "Datalk.Client", "Client\Datalk.Client.csproj", "{60519E79-D4B8-4B36-B7F8-DFF88BDBE4F9}"
EndProject
Project("{9A19103F-16F7-4668-BE54-9A1E7A4F7556}") = "Datalk.Shared", "Shared\Datalk.Shared.csproj", "{ED35F5E1-A31D-46F4-B361-CCA937F595A0}"
EndProject
Global
	GlobalSection(SolutionConfigurationPlatforms) = preSolution
		Debug|Any CPU = Debug|Any CPU
		Debug|x64 = Debug|x64
		Debug|x86 = Debug|x86
		Release|Any CPU = Release|Any CPU
		Release|x64 = Release|x64
		Release|x86 = Release|x86
	EndGlobalSection
	GlobalSection(ProjectConfigurationPlatforms) = postSolution
		{60519E79-D4B8-4B36-B7F8-DFF88BDBE4F9}.Debug|Any CPU.ActiveCfg = Debug|Any CPU
		{60519E79-D4B8-4B36-B7F8-DFF88BDBE4F9}.Debug|Any CPU.Build.0 = Debug|Any CPU
		{60519E79-D4B8-4B36-B7F8-DFF88BDBE4F9}.Debug|x64.ActiveCfg = Debug|Any CPU
		{60519E79-D4B8-4B36-B7F8-DFF88BDBE4F9}.Debug|x64.Build.0 = Debug|Any CPU
		{60519E79-D4B8-4B36-B7F8-DFF88BDBE4F9}.Debug|x86.ActiveCfg = Debug|Any CPU
		{60519E79-D4B8-4B36-B7F8-DFF88BDBE4F9}.Debug|x86.Build.0 = Debug|Any CPU
		{60519E79-D4B8-4B36-B7F8-DFF88BDBE4F9}.Release|Any CPU.ActiveCfg = Release|Any CPU
		{60519E79-D4B8-4B36-B7F8-DFF88BDBE4F9}.Release|Any CPU.Build.0 = Release|Any CPU
		{60519E79-D4B8-4B36-B7F8-DFF88BDBE4F9}.Release|x64.ActiveCfg = Release|Any CPU
		{60519E79-D4B8-4B36-B7F8-DFF88BDBE4F9}.Release|x64.Build.0 = Release|Any CPU
		{60519E79-D4B8-4B36-B7F8-DFF88BDBE4F9}.Release|x86.ActiveCfg = Release|Any CPU
		{60519E79-D4B8-4B36-B7F8-DFF88BDBE4F9}.Release|x86.Build.0 = Release|Any CPU
		{C781AD8E-D6EF-41BA-835C-CFA41C87C1EB}.Debug|Any CPU.ActiveCfg = Debug|Any CPU
		{C781AD8E-D6EF-41BA-835C-CFA41C87C1EB}.Debug|Any CPU.Build.0 = Debug|Any CPU
		{C781AD8E-D6EF-41BA-835C-CFA41C87C1EB}.Debug|x64.ActiveCfg = Debug|Any CPU
		{C781AD8E-D6EF-41BA-835C-CFA41C87C1EB}.Debug|x64.Build.0 = Debug|Any CPU
		{C781AD8E-D6EF-41BA-835C-CFA41C87C1EB}.Debug|x86.ActiveCfg = Debug|Any CPU
		{C781AD8E-D6EF-41BA-835C-CFA41C87C1EB}.Debug|x86.Build.0 = Debug|Any CPU
		{C781AD8E-D6EF-41BA-835C-CFA41C87C1EB}.Release|Any CPU.ActiveCfg = Release|Any CPU
		{C781AD8E-D6EF-41BA-835C-CFA41C87C1EB}.Release|Any CPU.Build.0 = Release|Any CPU
		{C781AD8E-D6EF-41BA-835C-CFA41C87C1EB}.Release|x64.ActiveCfg = Release|Any CPU
		{C781AD8E-D6EF-41BA-835C-CFA41C87C1EB}.Release|x64.Build.0 = Release|Any CPU
		{C781AD8E-D6EF-41BA-835C-CFA41C87C1EB}.Release|x86.ActiveCfg = Release|Any CPU
		{C781AD8E-D6EF-41BA-835C-CFA41C87C1EB}.Release|x86.Build.0 = Release|Any CPU
		{ED35F5E1-A31D-46F4-B361-CCA937F595A0}.Debug|Any CPU.ActiveCfg = Debug|Any CPU
		{ED35F5E1-A31D-46F4-B361-CCA937F595A0}.Debug|Any CPU.Build.0 = Debug|Any CPU
		{ED35F5E1-A31D-46F4-B361-CCA937F595A0}.Debug|x64.ActiveCfg = Debug|Any CPU
		{ED35F5E1-A31D-46F4-B361-CCA937F595A0}.Debug|x64.Build.0 = Debug|Any CPU
		{ED35F5E1-A31D-46F4-B361-CCA937F595A0}.Debug|x86.ActiveCfg = Debug|Any CPU
		{ED35F5E1-A31D-46F4-B361-CCA937F595A0}.Debug|x86.Build.0 = Debug|Any CPU
		{ED35F5E1-A31D-46F4-B361-CCA937F595A0}.Release|Any CPU.ActiveCfg = Release|Any CPU
		{ED35F5E1-A31D-46F4-B361-CCA937F595A0}.Release|Any CPU.Build.0 = Release|Any CPU
		{ED35F5E1-A31D-46F4-B361-CCA937F595A0}.Release|x64.ActiveCfg = Release|Any CPU
		{ED35F5E1-A31D-46F4-B361-CCA937F595A0}.Release|x64.Build.0 = Release|Any CPU
		{ED35F5E1-A31D-46F4-B361-CCA937F595A0}.Release|x86.ActiveCfg = Release|Any CPU
		{ED35F5E1-A31D-46F4-B361-CCA937F595A0}.Release|x86.Build.0 = Release|Any CPU
	EndGlobalSection
	GlobalSection(SolutionProperties) = preSolution
		HideSolutionNode = FALSE
	EndGlobalSection
	GlobalSection(ExtensibilityGlobals) = postSolution
		SolutionGuid = {8F83E62D-B591-4464-97A4-E57EE030BD12}
	EndGlobalSection
EndGlobal